
Microsoft Visual Studio Solution File, Format Version 12.00
# Visual Studio Version 16
VisualStudioVersion = 16.0.29306.81
MinimumVisualStudioVersion = 10.0.40219.1
Project("{9A19103F-16F7-4668-BE54-9A1E7A4F7556}") = "01Task", "01Task\01Task.csproj", "{1DCBEBBB-7BE4-40BD-9FC4-D8C72724A419}"
EndProject
Project("{9A19103F-16F7-4668-BE54-9A1E7A4F7556}") = "02Task", "02Task\02Task.csproj", "{C208CBDA-C8C1-47B5-B5FA-C46926E78FA9}"
EndProject
Project("{9A19103F-16F7-4668-BE54-9A1E7A4F7556}") = "03Task", "03Task\03Task.csproj", "{68ED15EC-F69B-4BB6-B8D3-A9080EDD1804}"
EndProject
Project("{9A19103F-16F7-4668-BE54-9A1E7A4F7556}") = "04Task", "04Task\04Task.csproj", "{B5C12375-78BB-4975-80F8-1193CFB4ED4B}"
EndProject
Project("{9A19103F-16F7-4668-BE54-9A1E7A4F7556}") = "05Task", "05Task\05Task.csproj", "{1836AEC2-9EBB-44D4-9150-C7229E325E2B}"
EndProject
Project("{9A19103F-16F7-4668-BE54-9A1E7A4F7556}") = "06Task", "06Task\06Task.csproj", "{B1612606-4B82-4A79-A161-AD661EDA125A}"
EndProject
Project("{9A19103F-16F7-4668-BE54-9A1E7A4F7556}") = "07Task", "07Task\07Task.csproj", "{AF62D865-EB6F-4572-8CBE-5AC9D5A5C3D5}"
EndProject
Project("{9A19103F-16F7-4668-BE54-9A1E7A4F7556}") = "08Task", "08Task\08Task.csproj", "{54839D12-3716-4C7C-8A10-0AA6DB00C0C0}"
EndProject
Project("{9A19103F-16F7-4668-BE54-9A1E7A4F7556}") = "09Task", "09Task\09Task.csproj", "{48AFC2C8-3DC3-45F2-963A-9FC05BAE5535}"
EndProject
Project("{9A19103F-16F7-4668-BE54-9A1E7A4F7556}") = "10Task", "10Task\10Task.csproj", "{6131B88E-F275-4AC6-9587-67C5CC466A3B}"
EndProject
Project("{FAE04EC0-301F-11D3-BF4B-00C04F79EFBC}") = "11Task", "11Task\11Task.csproj", "{7CD7CD3D-864F-4CBC-958A-CF91C7F22D89}"
EndProject
Project("{FAE04EC0-301F-11D3-BF4B-00C04F79EFBC}") = "12Task", "12Task\12Task.csproj", "{A549DE14-9C14-460F-BC4C-E659889A646B}"
EndProject
Project("{FAE04EC0-301F-11D3-BF4B-00C04F79EFBC}") = "13Task", "13Task\13Task.csproj", "{26BFD137-9837-410D-88B6-4F868612C259}"
EndProject
Project("{FAE04EC0-301F-11D3-BF4B-00C04F79EFBC}") = "14Task", "14Task\14Task.csproj", "{EA01A4BC-3DB4-4EE4-973A-C96E0F33C2A4}"
EndProject
Global
	GlobalSection(SolutionConfigurationPlatforms) = preSolution
		Debug|Any CPU = Debug|Any CPU
		Release|Any CPU = Release|Any CPU
	EndGlobalSection
	GlobalSection(ProjectConfigurationPlatforms) = postSolution
		{1DCBEBBB-7BE4-40BD-9FC4-D8C72724A419}.Debug|Any CPU.ActiveCfg = Debug|Any CPU
		{1DCBEBBB-7BE4-40BD-9FC4-D8C72724A419}.Debug|Any CPU.Build.0 = Debug|Any CPU
		{1DCBEBBB-7BE4-40BD-9FC4-D8C72724A419}.Release|Any CPU.ActiveCfg = Release|Any CPU
		{1DCBEBBB-7BE4-40BD-9FC4-D8C72724A419}.Release|Any CPU.Build.0 = Release|Any CPU
		{C208CBDA-C8C1-47B5-B5FA-C46926E78FA9}.Debug|Any CPU.ActiveCfg = Debug|Any CPU
		{C208CBDA-C8C1-47B5-B5FA-C46926E78FA9}.Debug|Any CPU.Build.0 = Debug|Any CPU
		{C208CBDA-C8C1-47B5-B5FA-C46926E78FA9}.Release|Any CPU.ActiveCfg = Release|Any CPU
		{C208CBDA-C8C1-47B5-B5FA-C46926E78FA9}.Release|Any CPU.Build.0 = Release|Any CPU
		{68ED15EC-F69B-4BB6-B8D3-A9080EDD1804}.Debug|Any CPU.ActiveCfg = Debug|Any CPU
		{68ED15EC-F69B-4BB6-B8D3-A9080EDD1804}.Debug|Any CPU.Build.0 = Debug|Any CPU
		{68ED15EC-F69B-4BB6-B8D3-A9080EDD1804}.Release|Any CPU.ActiveCfg = Release|Any CPU
		{68ED15EC-F69B-4BB6-B8D3-A9080EDD1804}.Release|Any CPU.Build.0 = Release|Any CPU
		{B5C12375-78BB-4975-80F8-1193CFB4ED4B}.Debug|Any CPU.ActiveCfg = Debug|Any CPU
		{B5C12375-78BB-4975-80F8-1193CFB4ED4B}.Debug|Any CPU.Build.0 = Debug|Any CPU
		{B5C12375-78BB-4975-80F8-1193CFB4ED4B}.Release|Any CPU.ActiveCfg = Release|Any CPU
		{B5C12375-78BB-4975-80F8-1193CFB4ED4B}.Release|Any CPU.Build.0 = Release|Any CPU
		{1836AEC2-9EBB-44D4-9150-C7229E325E2B}.Debug|Any CPU.ActiveCfg = Debug|Any CPU
		{1836AEC2-9EBB-44D4-9150-C7229E325E2B}.Debug|Any CPU.Build.0 = Debug|Any CPU
		{1836AEC2-9EBB-44D4-9150-C7229E325E2B}.Release|Any CPU.ActiveCfg = Release|Any CPU
		{1836AEC2-9EBB-44D4-9150-C7229E325E2B}.Release|Any CPU.Build.0 = Release|Any CPU
		{B1612606-4B82-4A79-A161-AD661EDA125A}.Debug|Any CPU.ActiveCfg = Debug|Any CPU
		{B1612606-4B82-4A79-A161-AD661EDA125A}.Debug|Any CPU.Build.0 = Debug|Any CPU
		{B1612606-4B82-4A79-A161-AD661EDA125A}.Release|Any CPU.ActiveCfg = Release|Any CPU
		{B1612606-4B82-4A79-A161-AD661EDA125A}.Release|Any CPU.Build.0 = Release|Any CPU
		{AF62D865-EB6F-4572-8CBE-5AC9D5A5C3D5}.Debug|Any CPU.ActiveCfg = Debug|Any CPU
		{AF62D865-EB6F-4572-8CBE-5AC9D5A5C3D5}.Debug|Any CPU.Build.0 = Debug|Any CPU
		{AF62D865-EB6F-4572-8CBE-5AC9D5A5C3D5}.Release|Any CPU.ActiveCfg = Release|Any CPU
		{AF62D865-EB6F-4572-8CBE-5AC9D5A5C3D5}.Release|Any CPU.Build.0 = Release|Any CPU
		{54839D12-3716-4C7C-8A10-0AA6DB00C0C0}.Debug|Any CPU.ActiveCfg = Debug|Any CPU
		{54839D12-3716-4C7C-8A10-0AA6DB00C0C0}.Debug|Any CPU.Build.0 = Debug|Any CPU
		{54839D12-3716-4C7C-8A10-0AA6DB00C0C0}.Release|Any CPU.ActiveCfg = Release|Any CPU
		{54839D12-3716-4C7C-8A10-0AA6DB00C0C0}.Release|Any CPU.Build.0 = Release|Any CPU
		{48AFC2C8-3DC3-45F2-963A-9FC05BAE5535}.Debug|Any CPU.ActiveCfg = Debug|Any CPU
		{48AFC2C8-3DC3-45F2-963A-9FC05BAE5535}.Debug|Any CPU.Build.0 = Debug|Any CPU
		{48AFC2C8-3DC3-45F2-963A-9FC05BAE5535}.Release|Any CPU.ActiveCfg = Release|Any CPU
		{48AFC2C8-3DC3-45F2-963A-9FC05BAE5535}.Release|Any CPU.Build.0 = Release|Any CPU
		{6131B88E-F275-4AC6-9587-67C5CC466A3B}.Debug|Any CPU.ActiveCfg = Debug|Any CPU
		{6131B88E-F275-4AC6-9587-67C5CC466A3B}.Debug|Any CPU.Build.0 = Debug|Any CPU
		{6131B88E-F275-4AC6-9587-67C5CC466A3B}.Release|Any CPU.ActiveCfg = Release|Any CPU
		{6131B88E-F275-4AC6-9587-67C5CC466A3B}.Release|Any CPU.Build.0 = Release|Any CPU
		{7CD7CD3D-864F-4CBC-958A-CF91C7F22D89}.Debug|Any CPU.ActiveCfg = Debug|Any CPU
		{7CD7CD3D-864F-4CBC-958A-CF91C7F22D89}.Debug|Any CPU.Build.0 = Debug|Any CPU
		{7CD7CD3D-864F-4CBC-958A-CF91C7F22D89}.Release|Any CPU.ActiveCfg = Release|Any CPU
		{7CD7CD3D-864F-4CBC-958A-CF91C7F22D89}.Release|Any CPU.Build.0 = Release|Any CPU
		{A549DE14-9C14-460F-BC4C-E659889A646B}.Debug|Any CPU.ActiveCfg = Debug|Any CPU
		{A549DE14-9C14-460F-BC4C-E659889A646B}.Debug|Any CPU.Build.0 = Debug|Any CPU
		{A549DE14-9C14-460F-BC4C-E659889A646B}.Release|Any CPU.ActiveCfg = Release|Any CPU
		{A549DE14-9C14-460F-BC4C-E659889A646B}.Release|Any CPU.Build.0 = Release|Any CPU
		{26BFD137-9837-410D-88B6-4F868612C259}.Debug|Any CPU.ActiveCfg = Debug|Any CPU
		{26BFD137-9837-410D-88B6-4F868612C259}.Debug|Any CPU.Build.0 = Debug|Any CPU
		{26BFD137-9837-410D-88B6-4F868612C259}.Release|Any CPU.ActiveCfg = Release|Any CPU
		{26BFD137-9837-410D-88B6-4F868612C259}.Release|Any CPU.Build.0 = Release|Any CPU
		{EA01A4BC-3DB4-4EE4-973A-C96E0F33C2A4}.Debug|Any CPU.ActiveCfg = Debug|Any CPU
		{EA01A4BC-3DB4-4EE4-973A-C96E0F33C2A4}.Debug|Any CPU.Build.0 = Debug|Any CPU
		{EA01A4BC-3DB4-4EE4-973A-C96E0F33C2A4}.Release|Any CPU.ActiveCfg = Release|Any CPU
		{EA01A4BC-3DB4-4EE4-973A-C96E0F33C2A4}.Release|Any CPU.Build.0 = Release|Any CPU
	EndGlobalSection
	GlobalSection(SolutionProperties) = preSolution
		HideSolutionNode = FALSE
	EndGlobalSection
	GlobalSection(ExtensibilityGlobals) = postSolution
		SolutionGuid = {8570A237-B321-439E-8B32-91190698C8C1}
	EndGlobalSection
EndGlobal
